{
  "originHash" : "46fecffff40a33559d42d4fb3a5019ea6dd7f444bbcdd7ad6324e560746965b2",
  "pins" : [
    {
      "identity" : "currency-converter",
      "kind" : "remoteSourceControl",
      "location" : "https://github.com/pixyzehn/currency-converter.git",
      "state" : {
        "revision" : "156ed0be1dc77f9cdd583a93119045fe36a6553f",
        "version" : "0.2.7"
      }
    }
  ],
  "version" : 3
}
