{
  "originHash" : "46fecffff40a33559d42d4fb3a5019ea6dd7f444bbcdd7ad6324e560746965b2",
  "pins" : [
    {
      "identity" : "currency-converter",
      "kind" : "remoteSourceControl",
      "location" : "https://github.com/pixyzehn/currency-converter.git",
      "state" : {
        "revision" : "1e62e3123ab2cfc5fc77fb88fd7c6de3c0af4f5c",
        "version" : "0.2.8"
      }
    }
  ],
  "version" : 3
}
